github.com/RackSec/srslog v0.0.0-20180709174129-a4725f04ec91 h1:vX+gnvBc56EbWYrmlhYbFYRaeikAke1GL84N4BEYOFE=
github.com/RackSec/srslog v0.0.0-20180709174129-a4725f04ec91/go.mod h1:cDLGBht23g0XQdLjzn6xOGXDkLK182YfINAaZEQLCHQ=
github.com/gorilla/mux v1.8.1 h1:TuBL49tXwgrFYWhqrNgrUNEY92u81SPhu7sTdzQEiWY=
github.com/gorilla/mux v1.8.1/go.mod h1:AKf9I4AEqPTmMytcMc0KkNouC66V3BtZ4qD5fmWSiMQ=
github.com/quantfall/holmes v1.3.0 h1:cy0kEz5qfBVWg/33cXBPfQVMAcwN7nLrPuqkyizKZfI=
github.com/quantfall/holmes v1.3.0/go.mod h1:yC2xubHFP3b0NfYlDhHhNtgvct79iGzJgmiY18YSr8Q=
github.com/utmstack/config-client-go v1.1.0 h1:cbgo1g9eDneMtNmazOWn3DF/4rEPrlWYLmydhe+8VFk=
github.com/utmstack/config-client-go v1.1.0/go.mod h1:5B1phBmxHZmnggujCsNVAHK2oFXIy89mLCc9ixrDcCo=
