{
    "_meta": {
        "hash": {
            "sha256": "b08a1f4a702fe0c378db1670b402a64421694b9d088ac1f05540a0f85306ecb2"
        },
        "pipfile-spec": 6,
        "requires": {
            "python_version": "3.11"
        },
        "sources": [
            {
                "name": "pypi",
                "url": "https://pypi.org/simple",
                "verify_ssl": true
            }
        ]
    },
    "default": {
        "bcrypt": {
            "hashes": [
                "sha256:02d9ef8915f72dd6daaef40e0baeef8a017ce624369f09754baf32bb32dba25f",
                "sha256:1c28973decf4e0e69cee78c68e30a523be441972c826703bb93099868a8ff5b5",
                "sha256:2a298db2a8ab20056120b45e86c00a0a5eb50ec4075b6142db35f593b97cb3fb",
                "sha256:33313a1200a3ae90b75587ceac502b048b840fc69e7f7a0905b5f87fac7a1258",
                "sha256:3566a88234e8de2ccae31968127b0ecccbb4cddb629da744165db72b58d88ca4",
                "sha256:387e7e1af9a4dd636b9505a465032f2f5cb8e61ba1120e79a0e1cd0b512f3dfc",
                "sha256:44290ccc827d3a24604f2c8bcd00d0da349e336e6503656cb8192133e27335e2",
                "sha256:57fa9442758da926ed33a91644649d3e340a71e2d0a5a8de064fb621fd5a3326",
                "sha256:68e3c6642077b0c8092580c819c1684161262b2e30c4f45deb000c38947bf483",
                "sha256:69057b9fc5093ea1ab00dd24ede891f3e5e65bee040395fb1e66ee196f9c9b4a",
                "sha256:6cad43d8c63f34b26aef462b6f5e44fdcf9860b723d2453b5d391258c4c8e966",
                "sha256:71b8be82bc46cedd61a9f4ccb6c1a493211d031415a34adde3669ee1b0afbb63",
                "sha256:732b3920a08eacf12f93e6b04ea276c489f1c8fb49344f564cca2adb663b3e4c",
                "sha256:9800ae5bd5077b13725e2e3934aa3c9c37e49d3ea3d06318010aa40f54c63551",
                "sha256:a97e07e83e3262599434816f631cc4c7ca2aa8e9c072c1b1a7fec2ae809a1d2d",
                "sha256:ac621c093edb28200728a9cca214d7e838529e557027ef0581685909acd28b5e",
                "sha256:b8df79979c5bae07f1db22dcc49cc5bccf08a0380ca5c6f391cbb5790355c0b0",
                "sha256:b90e216dc36864ae7132cb151ffe95155a37a14e0de3a8f64b49655dd959ff9c",
                "sha256:ba4e4cc26610581a6329b3937e02d319f5ad4b85b074846bf4fef8a8cf51e7bb",
                "sha256:ba55e40de38a24e2d78d34c2d36d6e864f93e0d79d0b6ce915e4335aa81d01b1",
                "sha256:be3ab1071662f6065899fe08428e45c16aa36e28bc42921c4901a191fda6ee42",
                "sha256:d75fc8cd0ba23f97bae88a6ec04e9e5351ff3c6ad06f38fe32ba50cbd0d11946",
                "sha256:e51c42750b7585cee7892c2614be0d14107fad9581d1738d954a262556dd1aab",
                "sha256:ea505c97a5c465ab8c3ba75c0805a102ce526695cd6818c6de3b1a38f6f60da1",
                "sha256:eb3bd3321517916696233b5e0c67fd7d6281f0ef48e66812db35fc963a422a1c",
                "sha256:f70d9c61f9c4ca7d57f3bfe88a5ccf62546ffbadf3681bb1e268d9d2e41c91a7",
                "sha256:fbe188b878313d01b7718390f31528be4010fed1faa798c5a1d0469c9c48c369"
            ],
            "markers": "python_version >= '3.7'",
            "version": "==4.1.2"
        },
        "certifi": {
            "hashes": [
                "sha256:3cd43f1c6fa7dedc5899d69d3ad0398fd018ad1a17fba83ddaf78aa46c747516",
                "sha256:ddc6c8ce995e6987e7faf5e3f1b02b302836a0e5d98ece18392cb1a36c72ad56"
            ],
            "markers": "python_version >= '3.6'",
            "version": "==2024.6.2"
        },
        "cffi": {
            "hashes": [
                "sha256:045d61c734659cc045141be4bae381a41d89b741f795af1dd018bfb532fd0df8",
                "sha256:0984a4925a435b1da406122d4d7968dd861c1385afe3b45ba82b750f229811e2",
                "sha256:0e2b1fac190ae3ebfe37b979cc1ce69c81f4e4fe5746bb401dca63a9062cdaf1",
                "sha256:0f048dcf80db46f0098ccac01132761580d28e28bc0f78ae0d58048063317e15",
                "sha256:1257bdabf294dceb59f5e70c64a3e2f462c30c7ad68092d01bbbfb1c16b1ba36",
                "sha256:1c39c6016c32bc48dd54561950ebd6836e1670f2ae46128f67cf49e789c52824",
                "sha256:1d599671f396c4723d016dbddb72fe8e0397082b0a77a4fab8028923bec050e8",
                "sha256:28b16024becceed8c6dfbc75629e27788d8a3f9030691a1dbf9821a128b22c36",
                "sha256:2bb1a08b8008b281856e5971307cc386a8e9c5b625ac297e853d36da6efe9c17",
                "sha256:30c5e0cb5ae493c04c8b42916e52ca38079f1b235c2f8ae5f4527b963c401caf",
                "sha256:31000ec67d4221a71bd3f67df918b1f88f676f1c3b535a7eb473255fdc0b83fc",
                "sha256:386c8bf53c502fff58903061338ce4f4950cbdcb23e2902d86c0f722b786bbe3",
                "sha256:3edc8d958eb099c634dace3c7e16560ae474aa3803a5df240542b305d14e14ed",
                "sha256:45398b671ac6d70e67da8e4224a065cec6a93541bb7aebe1b198a61b58c7b702",
                "sha256:46bf43160c1a35f7ec506d254e5c890f3c03648a4dbac12d624e4490a7046cd1",
                "sha256:4ceb10419a9adf4460ea14cfd6bc43d08701f0835e979bf821052f1805850fe8",
                "sha256:51392eae71afec0d0c8fb1a53b204dbb3bcabcb3c9b807eedf3e1e6ccf2de903",
                "sha256:5da5719280082ac6bd9aa7becb3938dc9f9cbd57fac7d2871717b1feb0902ab6",
                "sha256:610faea79c43e44c71e1ec53a554553fa22321b65fae24889706c0a84d4ad86d",
                "sha256:636062ea65bd0195bc012fea9321aca499c0504409f413dc88af450b57ffd03b",
                "sha256:6883e737d7d9e4899a8a695e00ec36bd4e5e4f18fabe0aca0efe0a4b44cdb13e",
                "sha256:6b8b4a92e1c65048ff98cfe1f735ef8f1ceb72e3d5f0c25fdb12087a23da22be",
                "sha256:6f17be4345073b0a7b8ea599688f692ac3ef23ce28e5df79c04de519dbc4912c",
                "sha256:706510fe141c86a69c8ddc029c7910003a17353970cff3b904ff0686a5927683",
                "sha256:72e72408cad3d5419375fc87d289076ee319835bdfa2caad331e377589aebba9",
                "sha256:733e99bc2df47476e3848417c5a4540522f234dfd4ef3ab7fafdf555b082ec0c",
                "sha256:7596d6620d3fa590f677e9ee430df2958d2d6d6de2feeae5b20e82c00b76fbf8",
                "sha256:78122be759c3f8a014ce010908ae03364d00a1f81ab5c7f4a7a5120607ea56e1",
                "sha256:805b4371bf7197c329fcb3ead37e710d1bca9da5d583f5073b799d5c5bd1eee4",
                "sha256:85a950a4ac9c359340d5963966e3e0a94a676bd6245a4b55bc43949eee26a655",
                "sha256:8f2cdc858323644ab277e9bb925ad72ae0e67f69e804f4898c070998d50b1a67",
                "sha256:9755e4345d1ec879e3849e62222a18c7174d65a6a92d5b346b1863912168b595",
                "sha256:98e3969bcff97cae1b2def8ba499ea3d6f31ddfdb7635374834cf89a1a08ecf0",
                "sha256:a08d7e755f8ed21095a310a693525137cfe756ce62d066e53f502a83dc550f65",
                "sha256:a1ed2dd2972641495a3ec98445e09766f077aee98a1c896dcb4ad0d303628e41",
                "sha256:a24ed04c8ffd54b0729c07cee15a81d964e6fee0e3d4d342a27b020d22959dc6",
                "sha256:a45e3c6913c5b87b3ff120dcdc03f6131fa0065027d0ed7ee6190736a74cd401",
                "sha256:a9b15d491f3ad5d692e11f6b71f7857e7835eb677955c00cc0aefcd0669adaf6",
                "sha256:ad9413ccdeda48c5afdae7e4fa2192157e991ff761e7ab8fdd8926f40b160cc3",
                "sha256:b2ab587605f4ba0bf81dc0cb08a41bd1c0a5906bd59243d56bad7668a6fc6c16",
                "sha256:b62ce867176a75d03a665bad002af8e6d54644fad99a3c70905c543130e39d93",
                "sha256:c03e868a0b3bc35839ba98e74211ed2b05d2119be4e8a0f224fba9384f1fe02e",
                "sha256:c59d6e989d07460165cc5ad3c61f9fd8f1b4796eacbd81cee78957842b834af4",
                "sha256:c7eac2ef9b63c79431bc4b25f1cd649d7f061a28808cbc6c47b534bd789ef964",
                "sha256:c9c3d058ebabb74db66e431095118094d06abf53284d9c81f27300d0e0d8bc7c",
                "sha256:ca74b8dbe6e8e8263c0ffd60277de77dcee6c837a3d0881d8c1ead7268c9e576",
                "sha256:caaf0640ef5f5517f49bc275eca1406b0ffa6aa184892812030f04c2abf589a0",
                "sha256:cdf5ce3acdfd1661132f2a9c19cac174758dc2352bfe37d98aa7512c6b7178b3",
                "sha256:d016c76bdd850f3c626af19b0542c9677ba156e4ee4fccfdd7848803533ef662",
                "sha256:d01b12eeeb4427d3110de311e1774046ad344f5b1a7403101878976ecd7a10f3",
                "sha256:d63afe322132c194cf832bfec0dc69a99fb9bb6bbd550f161a49e9e855cc78ff",
                "sha256:da95af8214998d77a98cc14e3a3bd00aa191526343078b530ceb0bd710fb48a5",
                "sha256:dd398dbc6773384a17fe0d3e7eeb8d1a21c2200473ee6806bb5e6a8e62bb73dd",
                "sha256:de2ea4b5833625383e464549fec1bc395c1bdeeb5f25c4a3a82b5a8c756ec22f",
                "sha256:de55b766c7aa2e2a3092c51e0483d700341182f08e67c63630d5b6f200bb28e5",
                "sha256:df8b1c11f177bc2313ec4b2d46baec87a5f3e71fc8b45dab2ee7cae86d9aba14",
                "sha256:e03eab0a8677fa80d646b5ddece1cbeaf556c313dcfac435ba11f107ba117b5d",
                "sha256:e221cf152cff04059d011ee126477f0d9588303eb57e88923578ace7baad17f9",
                "sha256:e31ae45bc2e29f6b2abd0de1cc3b9d5205aa847cafaecb8af1476a609a2f6eb7",
                "sha256:edae79245293e15384b51f88b00613ba9f7198016a5948b5dddf4917d4d26382",
                "sha256:f1e22e8c4419538cb197e4dd60acc919d7696e5ef98ee4da4e01d3f8cfa4cc5a",
                "sha256:f3a2b4222ce6b60e2e8b337bb9596923045681d71e5a082783484d845390938e",
                "sha256:f6a16c31041f09ead72d69f583767292f750d24913dadacf5756b966aacb3f1a",
                "sha256:f75c7ab1f9e4aca5414ed4d8e5c0e303a34f4421f8a0d47a4d019ceff0ab6af4",
                "sha256:f79fc4fc25f1c8698ff97788206bb3c2598949bfe0fef03d299eb1b5356ada99",
                "sha256:f7f5baafcc48261359e14bcd6d9bff6d4b28d9103847c9e136694cb0501aef87",
                "sha256:fc48c783f9c87e60831201f2cce7f3b2e4846bf4d8728eabe54d60700b318a0b"
            ],
            "markers": "platform_python_implementation != 'PyPy'",
            "version": "==1.17.1"
        },
        "charset-normalizer": {
            "hashes": [
                "sha256:06435b539f889b1f6f4ac1758871aae42dc3a8c0e24ac9e60c2384973ad73027",
                "sha256:06a81e93cd441c56a9b65d8e1d043daeb97a3d0856d177d5c90ba85acb3db087",
                "sha256:0a55554a2fa0d408816b3b5cedf0045f4b8e1a6065aec45849de2d6f3f8e9786",
                "sha256:0b2b64d2bb6d3fb9112bafa732def486049e63de9618b5843bcdd081d8144cd8",
                "sha256:10955842570876604d404661fbccbc9c7e684caf432c09c715ec38fbae45ae09",
                "sha256:122c7fa62b130ed55f8f285bfd56d5f4b4a5b503609d181f9ad85e55c89f4185",
                "sha256:1ceae2f17a9c33cb48e3263960dc5fc8005351ee19db217e9b1bb15d28c02574",
                "sha256:1d3193f4a680c64b4b6a9115943538edb896edc190f0b222e73761716519268e",
                "sha256:1f79682fbe303db92bc2b1136016a38a42e835d932bab5b3b1bfcfbf0640e519",
                "sha256:2127566c664442652f024c837091890cb1942c30937add288223dc895793f898",
                "sha256:22afcb9f253dac0696b5a4be4a1c0f8762f8239e21b99680099abd9b2b1b2269",
                "sha256:25baf083bf6f6b341f4121c2f3c548875ee6f5339300e08be3f2b2ba1721cdd3",
                "sha256:2e81c7b9c8979ce92ed306c249d46894776a909505d8f5a4ba55b14206e3222f",
                "sha256:3287761bc4ee9e33561a7e058c72ac0938c4f57fe49a09eae428fd88aafe7bb6",
                "sha256:34d1c8da1e78d2e001f363791c98a272bb734000fcef47a491c1e3b0505657a8",
                "sha256:37e55c8e51c236f95b033f6fb391d7d7970ba5fe7ff453dad675e88cf303377a",
                "sha256:3d47fa203a7bd9c5b6cee4736ee84ca03b8ef23193c0d1ca99b5089f72645c73",
                "sha256:3e4d1f6587322d2788836a99c69062fbb091331ec940e02d12d179c1d53e25fc",
                "sha256:42cb296636fcc8b0644486d15c12376cb9fa75443e00fb25de0b8602e64c1714",
                "sha256:45485e01ff4d3630ec0d9617310448a8702f70e9c01906b0d0118bdf9d124cf2",
                "sha256:4a78b2b446bd7c934f5dcedc588903fb2f5eec172f3d29e52a9096a43722adfc",
                "sha256:4ab2fe47fae9e0f9dee8c04187ce5d09f48eabe611be8259444906793ab7cbce",
                "sha256:4d0d1650369165a14e14e1e47b372cfcb31d6ab44e6e33cb2d4e57265290044d",
                "sha256:549a3a73da901d5bc3ce8d24e0600d1fa85524c10287f6004fbab87672bf3e1e",
                "sha256:55086ee1064215781fff39a1af09518bc9255b50d6333f2e4c74ca09fac6a8f6",
                "sha256:572c3763a264ba47b3cf708a44ce965d98555f618ca42c926a9c1616d8f34269",
                "sha256:573f6eac48f4769d667c4442081b1794f52919e7edada77495aaed9236d13a96",
                "sha256:5b4c145409bef602a690e7cfad0a15a55c13320ff7a3ad7ca59c13bb8ba4d45d",
                "sha256:6463effa3186ea09411d50efc7d85360b38d5f09b870c48e4600f63af490e56a",
                "sha256:65f6f63034100ead094b8744b3b97965785388f308a64cf8d7c34f2f2e5be0c4",
                "sha256:663946639d296df6a2bb2aa51b60a2454ca1cb29835324c640dafb5ff2131a77",
                "sha256:6897af51655e3691ff853668779c7bad41579facacf5fd7253b0133308cf000d",
                "sha256:68d1f8a9e9e37c1223b656399be5d6b448dea850bed7d0f87a8311f1ff3dabb0",
                "sha256:6ac7ffc7ad6d040517be39eb591cac5ff87416c2537df6ba3cba3bae290c0fed",
                "sha256:6b3251890fff30ee142c44144871185dbe13b11bab478a88887a639655be1068",
                "sha256:6c4caeef8fa63d06bd437cd4bdcf3ffefe6738fb1b25951440d80dc7df8c03ac",
                "sha256:6ef1d82a3af9d3eecdba2321dc1b3c238245d890843e040e41e470ffa64c3e25",
                "sha256:753f10e867343b4511128c6ed8c82f7bec3bd026875576dfd88483c5c73b2fd8",
                "sha256:7cd13a2e3ddeed6913a65e66e94b51d80a041145a026c27e6bb76c31a853c6ab",
                "sha256:7ed9e526742851e8d5cc9e6cf41427dfc6068d4f5a3bb03659444b4cabf6bc26",
                "sha256:7f04c839ed0b6b98b1a7501a002144b76c18fb1c1850c8b98d458ac269e26ed2",
                "sha256:802fe99cca7457642125a8a88a084cef28ff0cf9407060f7b93dca5aa25480db",
                "sha256:80402cd6ee291dcb72644d6eac93785fe2c8b9cb30893c1af5b8fdd753b9d40f",
                "sha256:8465322196c8b4d7ab6d1e049e4c5cb460d0394da4a27d23cc242fbf0034b6b5",
                "sha256:86216b5cee4b06df986d214f664305142d9c76df9b6512be2738aa72a2048f99",
                "sha256:87d1351268731db79e0f8e745d92493ee2841c974128ef629dc518b937d9194c",
                "sha256:8bdb58ff7ba23002a4c5808d608e4e6c687175724f54a5dade5fa8c67b604e4d",
                "sha256:8c622a5fe39a48f78944a87d4fb8a53ee07344641b0562c540d840748571b811",
                "sha256:8d756e44e94489e49571086ef83b2bb8ce311e730092d2c34ca8f7d925cb20aa",
                "sha256:8f4a014bc36d3c57402e2977dada34f9c12300af536839dc38c0beab8878f38a",
                "sha256:9063e24fdb1e498ab71cb7419e24622516c4a04476b17a2dab57e8baa30d6e03",
                "sha256:90d558489962fd4918143277a773316e56c72da56ec7aa3dc3dbbe20fdfed15b",
                "sha256:923c0c831b7cfcb071580d3f46c4baf50f174be571576556269530f4bbd79d04",
                "sha256:95f2a5796329323b8f0512e09dbb7a1860c46a39da62ecb2324f116fa8fdc85c",
                "sha256:96b02a3dc4381e5494fad39be677abcb5e6634bf7b4fa83a6dd3112607547001",
                "sha256:9f96df6923e21816da7e0ad3fd47dd8f94b2a5ce594e00677c0013018b813458",
                "sha256:a10af20b82360ab00827f916a6058451b723b4e65030c5a18577c8b2de5b3389",
                "sha256:a50aebfa173e157099939b17f18600f72f84eed3049e743b68ad15bd69b6bf99",
                "sha256:a981a536974bbc7a512cf44ed14938cf01030a99e9b3a06dd59578882f06f985",
                "sha256:a9a8e9031d613fd2009c182b69c7b2c1ef8239a0efb1df3f7c8da66d5dd3d537",
                "sha256:ae5f4161f18c61806f411a13b0310bea87f987c7d2ecdbdaad0e94eb2e404238",
                "sha256:aed38f6e4fb3f5d6bf81bfa990a07806be9d83cf7bacef998ab1a9bd660a581f",
                "sha256:b01b88d45a6fcb69667cd6d2f7a9aeb4bf53760d7fc536bf679ec94fe9f3ff3d",
                "sha256:b261ccdec7821281dade748d088bb6e9b69e6d15b30652b74cbbac25e280b796",
                "sha256:b2b0a0c0517616b6869869f8c581d4eb2dd83a4d79e0ebcb7d373ef9956aeb0a",
                "sha256:b4a23f61ce87adf89be746c8a8974fe1c823c891d8f86eb218bb957c924bb143",
                "sha256:bd8f7df7d12c2db9fab40bdd87a7c09b1530128315d047a086fa3ae3435cb3a8",
                "sha256:beb58fe5cdb101e3a055192ac291b7a21e3b7ef4f67fa1d74e331a7f2124341c",
                "sha256:c002b4ffc0be611f0d9da932eb0f704fe2602a9a949d1f738e4c34c75b0863d5",
                "sha256:c083af607d2515612056a31f0a8d9e0fcb5876b7bfc0abad3ecd275bc4ebc2d5",
                "sha256:c180f51afb394e165eafe4ac2936a14bee3eb10debc9d9e4db8958fe36afe711",
                "sha256:c235ebd9baae02f1b77bcea61bce332cb4331dc3617d254df3323aa01ab47bd4",
                "sha256:cd70574b12bb8a4d2aaa0094515df2463cb429d8536cfb6c7ce983246983e5a6",
                "sha256:d0eccceffcb53201b5bfebb52600a5fb483a20b61da9dbc885f8b103cbe7598c",
                "sha256:d965bba47ddeec8cd560687584e88cf699fd28f192ceb452d1d7ee807c5597b7",
                "sha256:db364eca23f876da6f9e16c9da0df51aa4f104a972735574842618b8c6d999d4",
                "sha256:ddbb2551d7e0102e7252db79ba445cdab71b26640817ab1e3e3648dad515003b",
                "sha256:deb6be0ac38ece9ba87dea880e438f25ca3eddfac8b002a2ec3d9183a454e8ae",
                "sha256:e06ed3eb3218bc64786f7db41917d4e686cc4856944f53d5bdf83a6884432e12",
                "sha256:e27ad930a842b4c5eb8ac0016b0a54f5aebbe679340c26101df33424142c143c",
                "sha256:e537484df0d8f426ce2afb2d0f8e1c3d0b114b83f8850e5f2fbea0e797bd82ae",
                "sha256:eb00ed941194665c332bf8e078baf037d6c35d7c4f3102ea2d4f16ca94a26dc8",
                "sha256:eb6904c354526e758fda7167b33005998fb68c46fbc10e013ca97f21ca5c8887",
                "sha256:eb8821e09e916165e160797a6c17edda0679379a4be5c716c260e836e122f54b",
                "sha256:efcb3f6676480691518c177e3b465bcddf57cea040302f9f4e6e191af91174d4",
                "sha256:f27273b60488abe721a075bcca6d7f3964f9f6f067c8c4c605743023d7d3944f",
                "sha256:f30c3cb33b24454a82faecaf01b19c18562b1e89558fb6c56de4d9118a032fd5",
                "sha256:fb69256e180cb6c8a894fee62b3afebae785babc1ee98b81cdf68bbca1987f33",
                "sha256:fd1abc0d89e30cc4e02e4064dc67fcc51bd941eb395c502aac3ec19fab46b519",
                "sha256:ff8fa367d09b717b2a17a052544193ad76cd49979c805768879cb63d9ca50561"
            ],
            "markers": "python_full_version >= '3.7.0'",
            "version": "==3.3.2"
        },
        "cryptography": {
            "hashes": [
                "sha256:00918d859aa4e57db8299607086f793fa7813ae2ff5a4637e318a25ef82730f7",
                "sha256:1e8d181e90a777b63f3f0caa836844a1182f1f265687fac2115fcf245f5fbec3",
                "sha256:1f9a92144fa0c877117e9748c74501bea842f93d21ee00b0cf922846d9d0b183",
                "sha256:21377472ca4ada2906bc313168c9dc7b1d7ca417b63c1c3011d0c74b7de9ae69",
                "sha256:24979e9f2040c953a94bf3c6782e67795a4c260734e5264dceea65c8f4bae64a",
                "sha256:2a46a89ad3e6176223b632056f321bc7de36b9f9b93b2cc1cccf935a3849dc62",
                "sha256:322eb03ecc62784536bc173f1483e76747aafeb69c8728df48537eb431cd1911",
                "sha256:436df4f203482f41aad60ed1813811ac4ab102765ecae7a2bbb1dbb66dcff5a7",
                "sha256:4f422e8c6a28cf8b7f883eb790695d6d45b0c385a2583073f3cec434cc705e1a",
                "sha256:53f23339864b617a3dfc2b0ac8d5c432625c80014c25caac9082314e9de56f41",
                "sha256:5fed5cd6102bb4eb843e3315d2bf25fede494509bddadb81e03a859c1bc17b83",
                "sha256:610a83540765a8d8ce0f351ce42e26e53e1f774a6efb71eb1b41eb01d01c3d12",
                "sha256:6c8acf6f3d1f47acb2248ec3ea261171a671f3d9428e34ad0357148d492c7864",
                "sha256:6f76fdd6fd048576a04c5210d53aa04ca34d2ed63336d4abd306d0cbe298fddf",
                "sha256:72198e2b5925155497a5a3e8c216c7fb3e64c16ccee11f0e7da272fa93b35c4c",
                "sha256:887143b9ff6bad2b7570da75a7fe8bbf5f65276365ac259a5d2d5147a73775f2",
                "sha256:888fcc3fce0c888785a4876ca55f9f43787f4c5c1cc1e2e0da71ad481ff82c5b",
                "sha256:8e6a85a93d0642bd774460a86513c5d9d80b5c002ca9693e63f6e540f1815ed0",
                "sha256:94f99f2b943b354a5b6307d7e8d19f5c423a794462bde2bf310c770ba052b1c4",
                "sha256:9b336599e2cb77b1008cb2ac264b290803ec5e8e89d618a5e978ff5eb6f715d9",
                "sha256:a2d8a7045e1ab9b9f803f0d9531ead85f90c5f2859e653b61497228b18452008",
                "sha256:b8272f257cf1cbd3f2e120f14c68bff2b6bdfcc157fafdee84a1b795efd72862",
                "sha256:bf688f615c29bfe9dfc44312ca470989279f0e94bb9f631f85e3459af8efc009",
                "sha256:d9c5b9f698a83c8bd71e0f4d3f9f839ef244798e5ffe96febfa9714717db7af7",
                "sha256:dd7c7e2d71d908dc0f8d2027e1604102140d84b155e658c20e8ad1304317691f",
                "sha256:df978682c1504fc93b3209de21aeabf2375cb1571d4e61907b3e7a2540e83026",
                "sha256:e403f7f766ded778ecdb790da786b418a9f2394f36e8cc8b796cc056ab05f44f",
                "sha256:eb3889330f2a4a148abead555399ec9a32b13b7c8ba969b72d8e500eb7ef84cd",
                "sha256:f4daefc971c2d1f82f03097dc6f216744a6cd2ac0f04c68fb935ea2ba2a0d420",
                "sha256:f51f5705ab27898afda1aaa430f34ad90dc117421057782022edf0600bec5f14",
                "sha256:fd0ee90072861e276b0ff08bd627abec29e32a53b2be44e41dbcdf87cbee2b00"
            ],
            "index": "pypi",
            "markers": "python_version >= '3.7' and python_full_version not in '3.9.0, 3.9.1'",
            "version": "==44.0.1"
        },
        "idna": {
            "hashes": [
                "sha256:028ff3aadf0609c1fd278d8ea3089299412a7a8b9bd005dd08b9f8285bcb5cfc",
                "sha256:82fee1fc78add43492d3a1898bfa6d8a904cc97d8427f683ed8e798d07761aa0"
            ],
            "markers": "python_version >= '3.5'",
            "version": "==3.7"
        },
        "paramiko": {
            "hashes": [
                "sha256:43f0b51115a896f9c00f59618023484cb3a14b98bbceab43394a39c6739b7ee7",
                "sha256:aac08f26a31dc4dffd92821527d1682d99d52f9ef6851968114a8728f3c274d3"
            ],
            "index": "pypi",
            "markers": "python_version >= '3.6'",
            "version": "==3.4.0"
        },
        "pyasn1": {
            "hashes": [
                "sha256:87a2121042a1ac9358cabcaf1d07680ff97ee6404333bacca15f76aa8ad01a57",
                "sha256:97b7290ca68e62a832558ec3976f15cbf911bf5d7c7039d8b861c2a0ece69fde"
            ],
            "markers": "python_version >= '2.7' and python_version not in '3.0, 3.1, 3.2, 3.3, 3.4, 3.5'",
            "version": "==0.5.0"
        },
        "pycparser": {
            "hashes": [
                "sha256:491c8be9c040f5390f5bf44a5b07752bd07f56edf992381b05c701439eec10f6",
                "sha256:c3702b6d3dd8c7abc1afa565d7e63d53a1d0bd86cdc24edd75470f4de499cfcc"
            ],
            "markers": "python_version >= '3.8'",
            "version": "==2.22"
        },
        "pynacl": {
            "hashes": [
                "sha256:06b8f6fa7f5de8d5d2f7573fe8c863c051225a27b61e6860fd047b1775807858",
                "sha256:0c84947a22519e013607c9be43706dd42513f9e6ae5d39d3613ca1e142fba44d",
                "sha256:20f42270d27e1b6a29f54032090b972d97f0a1b0948cc52392041ef7831fee93",
                "sha256:401002a4aaa07c9414132aaed7f6836ff98f59277a234704ff66878c2ee4a0d1",
                "sha256:52cb72a79269189d4e0dc537556f4740f7f0a9ec41c1322598799b0bdad4ef92",
                "sha256:61f642bf2378713e2c2e1de73444a3778e5f0a38be6fee0fe532fe30060282ff",
                "sha256:8ac7448f09ab85811607bdd21ec2464495ac8b7c66d146bf545b0f08fb9220ba",
                "sha256:a36d4a9dda1f19ce6e03c9a784a2921a4b726b02e1c736600ca9c22029474394",
                "sha256:a422368fc821589c228f4c49438a368831cb5bbc0eab5ebe1d7fac9dded6567b",
                "sha256:e46dae94e34b085175f8abb3b0aaa7da40767865ac82c928eeb9e57e1ea8a543"
            ],
            "markers": "python_version >= '3.6'",
            "version": "==1.5.0"
        },
        "pysmb": {
            "hashes": [
                "sha256:ad613988d54b1317ca0466dc3546f47b2dddea16e645d755d29fb75a86903326"
            ],
            "index": "pypi",
            "version": "==1.2.9.1"
        },
        "pyspnego": {
            "hashes": [
                "sha256:3d5c5c28dbd0cd6a679acf45219630254db3c0e5ad4a16de521caa0585b088c0",
                "sha256:9a22c23aeae7b4424fdb2482450d3f8302ac012e2644e1cfe735cf468fcd12ed"
            ],
            "markers": "python_version >= '3.8'",
            "version": "==0.10.2"
        },
        "requests": {
            "hashes": [
                "sha256:dd951ff5ecf3e3b3aa26b40703ba77495dab41da839ae72ef3c8e5d8e2433289",
                "sha256:fc06670dd0ed212426dfeb94fc1b983d917c4f9847c863f313c9dfaaffb7c23c"
            ],
            "index": "pypi",
            "markers": "python_version >= '3.8'",
            "version": "==2.32.2"
        },
        "smbprotocol": {
            "hashes": [
                "sha256:4f9f9144cca022aaf53080f84b0e4e5135fd50f3a363e3b364205e22deec76f4",
                "sha256:90102917e2df0128c0d572c04f70e726039a7551dffd4236bc4bbf712bd7776a"
            ],
            "index": "pypi",
            "version": "==1.11.0"
        },
        "tqdm": {
            "hashes": [
                "sha256:23097a41eba115ba99ecae40d06444c15d1c0c698d527a01c6c8bd1c5d0647e5",
                "sha256:4f41d54107ff9a223dca80b53efe4fb654c67efaba7f47bada3ee9d50e05bd53"
            ],
            "index": "pypi",
            "markers": "python_version >= '3.7'",
            "version": "==4.66.3"
        },
        "urllib3": {
            "hashes": [
                "sha256:a448b2f64d686155468037e1ace9f2d2199776e17f0a46610480d311f73e3472",
                "sha256:dd505485549a7a552833da5e6063639d0d177c04f23bc3864e41e5dc5f612168"
            ],
            "index": "pypi",
            "markers": "python_version >= '3.8'",
            "version": "==2.2.2"
        }
    },
    "develop": {
        "astroid": {
            "hashes": [
                "sha256:7d5895c9825e18079c5aeac0572bc2e4c83205c95d416e0b4fee8bc361d2d9ca",
                "sha256:86b0bb7d7da0be1a7c4aedb7974e391b32d4ed89e33de6ed6902b4b15c97577e"
            ],
            "markers": "python_full_version >= '3.8.0'",
            "version": "==3.0.1"
        },
        "dill": {
            "hashes": [
                "sha256:76b122c08ef4ce2eedcd4d1abd8e641114bfc6c2867f49f3c41facf65bf19f5e",
                "sha256:cc1c8b182eb3013e24bd475ff2e9295af86c1a38eb1aff128dac8962a9ce3c03"
            ],
            "markers": "python_version >= '3.11'",
            "version": "==0.3.7"
        },
        "flake8": {
            "hashes": [
                "sha256:d5b3857f07c030bdb5bf41c7f53799571d75c4491748a3adcd47de929e34cd23",
                "sha256:ffdfce58ea94c6580c77888a86506937f9a1a227dfcd15f245d694ae20a6b6e5"
            ],
            "index": "pypi",
            "version": "==6.1.0"
        },
        "isort": {
            "hashes": [
                "sha256:8bef7dde241278824a6d83f44a544709b065191b95b6e50894bdc722fcba0504",
                "sha256:f84c2818376e66cf843d497486ea8fed8700b340f308f076c6fb1229dff318b6"
            ],
            "markers": "python_full_version >= '3.8.0'",
            "version": "==5.12.0"
        },
        "mccabe": {
            "hashes": [
                "sha256:348e0240c33b60bbdf4e523192ef919f28cb2c3d7d5c7794f74009290f236325",
                "sha256:6c2d30ab6be0e4a46919781807b4f0d834ebdd6c6e3dca0bda5a15f863427b6e"
            ],
            "markers": "python_version >= '3.6'",
            "version": "==0.7.0"
        },
        "platformdirs": {
            "hashes": [
                "sha256:cf8ee52a3afdb965072dcc652433e0c7e3e40cf5ea1477cd4b3b1d2eb75495b3",
                "sha256:e9d171d00af68be50e9202731309c4e658fd8bc76f55c11c7dd760d023bda68e"
            ],
            "markers": "python_version >= '3.7'",
            "version": "==3.11.0"
        },
        "pycodestyle": {
            "hashes": [
                "sha256:41ba0e7afc9752dfb53ced5489e89f8186be00e599e712660695b7a75ff2663f",
                "sha256:44fe31000b2d866f2e41841b18528a505fbd7fef9017b04eff4e2648a0fadc67"
            ],
            "markers": "python_version >= '3.8'",
            "version": "==2.11.1"
        },
        "pydocstyle": {
            "hashes": [
                "sha256:118762d452a49d6b05e194ef344a55822987a462831ade91ec5c06fd2169d019",
                "sha256:7ce43f0c0ac87b07494eb9c0b462c0b73e6ff276807f204d6b53edc72b7e44e1"
            ],
            "markers": "python_version >= '3.6'",
            "version": "==6.3.0"
        },
        "pyflakes": {
            "hashes": [
                "sha256:4132f6d49cb4dae6819e5379898f2b8cce3c5f23994194c24b77d5da2e36f774",
                "sha256:a0aae034c444db0071aa077972ba4768d40c830d9539fd45bf4cd3f8f6992efc"
            ],
            "markers": "python_version >= '3.8'",
            "version": "==3.1.0"
        },
        "pylama": {
            "hashes": [
                "sha256:2d4f7aecfb5b7466216d48610c7d6bad1c3990c29cdd392ad08259b161e486f6",
                "sha256:5bbdbf5b620aba7206d688ed9fc917ecd3d73e15ec1a89647037a09fa3a86e60"
            ],
            "index": "pypi",
            "version": "==8.4.1"
        },
        "pylint": {
            "hashes": [
                "sha256:0d4c286ef6d2f66c8bfb527a7f8a629009e42c99707dec821a03e1b51a4c1496",
                "sha256:60ed5f3a9ff8b61839ff0348b3624ceeb9e6c2a92c514d81c9cc273da3b6bcda"
            ],
            "index": "pypi",
            "version": "==3.0.2"
        },
        "snowballstemmer": {
            "hashes": [
                "sha256:09b16deb8547d3412ad7b590689584cd0fe25ec8db3be37788be3810cbf19cb1",
                "sha256:c8e1716e83cc398ae16824e5572ae04e0d9fc2c6b985fb0f900f5f0c96ecba1a"
            ],
            "version": "==2.2.0"
        },
        "tomlkit": {
            "hashes": [
                "sha256:df32fab589a81f0d7dc525a4267b6d7a64ee99619cbd1eeb0fae32c1dd426977",
                "sha256:eeea7ac7563faeab0a1ed8fe12c2e5a51c61f933f2502f7e9db0241a65163ad0"
            ],
            "markers": "python_version >= '3.7'",
            "version": "==0.12.2"
        }
    }
}
