github.com/google/uuid v1.4.0 h1:MtMxsa51/r9yyhkyLsVeVt0B+BGQZzpQiTQ4eHZ8bc4=
github.com/google/uuid v1.4.0/go.mod h1:TIyPZe4MgqvfeYDBFedMoGGpEw/LqOeaOT+nhxU+yHo=
github.com/threatwinds/logger v1.0.9 h1:hvWx1K38Paa/FjjcEG5L2d6KNonfBxKhayYjirssMfQ=
github.com/threatwinds/logger v1.0.9/go.mod h1:FeygZcoXzEEtNBppgQ9xW+rqMJxZgeOUQ3Te4US/OFQ=
github.com/utmstack/config-client-go v1.2.4 h1:q/if6a/qGMkUj53MGHmF6ZucixfoqHuM5CG2pHNpWcY=
github.com/utmstack/config-client-go v1.2.4/go.mod h1:5B1phBmxHZmnggujCsNVAHK2oFXIy89mLCc9ixrDcCo=
gopkg.in/natefinch/lumberjack.v2 v2.2.1 h1:bBRl1b0OH9s/DuPhuXpNl+VtCaJXFZ5/uEFST95x9zc=
gopkg.in/natefinch/lumberjack.v2 v2.2.1/go.mod h1:YD8tP3GAjkrDg1eZH7EGmyESg/lsYskCTPBJVb9jqSc=
